
Microsoft Visual Studio Solution File, Format Version 12.00
# Visual Studio Version 17
VisualStudioVersion = 17.14.36616.10 d17.14
MinimumVisualStudioVersion = 10.0.40219.1
Project("{FAE04EC0-301F-11D3-BF4B-00C04F79EFBC}") = "AirConditionerShop.MinhDA", "AirConditionerShop.MinhDA\AirConditionerShop.MinhDA.csproj", "{48F93D48-F84A-4DB7-9B23-116A8290EF1F}"
EndProject
Project("{FAE04EC0-301F-11D3-BF4B-00C04F79EFBC}") = "AirConditionerShop.DAL", "AirConditionerShop.DAL\AirConditionerShop.DAL.csproj", "{1A19A349-2276-419A-8E5C-D2E4555D4C88}"
EndProject
Project("{FAE04EC0-301F-11D3-BF4B-00C04F79EFBC}") = "AirConditionerShop.BLL", "AirConditionerShop.BLL\AirConditionerShop.BLL.csproj", "{6A5B7E1D-B009-41A6-999B-2F16034721EE}"
EndProject
Global
	GlobalSection(SolutionConfigurationPlatforms) = preSolution
		Debug|Any CPU = Debug|Any CPU
		Release|Any CPU = Release|Any CPU
	EndGlobalSection
	GlobalSection(ProjectConfigurationPlatforms) = postSolution
		{48F93D48-F84A-4DB7-9B23-116A8290EF1F}.Debug|Any CPU.ActiveCfg = Debug|Any CPU
		{48F93D48-F84A-4DB7-9B23-116A8290EF1F}.Debug|Any CPU.Build.0 = Debug|Any CPU
		{48F93D48-F84A-4DB7-9B23-116A8290EF1F}.Release|Any CPU.ActiveCfg = Release|Any CPU
		{48F93D48-F84A-4DB7-9B23-116A8290EF1F}.Release|Any CPU.Build.0 = Release|Any CPU
		{1A19A349-2276-419A-8E5C-D2E4555D4C88}.Debug|Any CPU.ActiveCfg = Debug|Any CPU
		{1A19A349-2276-419A-8E5C-D2E4555D4C88}.Debug|Any CPU.Build.0 = Debug|Any CPU
		{1A19A349-2276-419A-8E5C-D2E4555D4C88}.Release|Any CPU.ActiveCfg = Release|Any CPU
		{1A19A349-2276-419A-8E5C-D2E4555D4C88}.Release|Any CPU.Build.0 = Release|Any CPU
		{6A5B7E1D-B009-41A6-999B-2F16034721EE}.Debug|Any CPU.ActiveCfg = Debug|Any CPU
		{6A5B7E1D-B009-41A6-999B-2F16034721EE}.Debug|Any CPU.Build.0 = Debug|Any CPU
		{6A5B7E1D-B009-41A6-999B-2F16034721EE}.Release|Any CPU.ActiveCfg = Release|Any CPU
		{6A5B7E1D-B009-41A6-999B-2F16034721EE}.Release|Any CPU.Build.0 = Release|Any CPU
	EndGlobalSection
	GlobalSection(SolutionProperties) = preSolution
		HideSolutionNode = FALSE
	EndGlobalSection
	GlobalSection(ExtensibilityGlobals) = postSolution
		SolutionGuid = {C217F295-D424-4ED3-8174-B36FB13ACC7E}
	EndGlobalSection
EndGlobal
